
Microsoft Visual Studio Solution File, Format Version 10.00
# Visual Studio 2008
Project("{8BC9CEB8-8B4A-11D0-8D11-00A0C91BC942}") = "PushRelabel", "PushRelabel.vcproj", "{0BD85E08-7A8F-4BBD-8D49-04F81FA1F39F}"
EndProject
Global
	GlobalSection(SolutionConfigurationPlatforms) = preSolution
		Debug|Win32 = Debug|Win32
		Release|Win32 = Release|Win32
	EndGlobalSection
	GlobalSection(ProjectConfigurationPlatforms) = postSolution
		{0BD85E08-7A8F-4BBD-8D49-04F81FA1F39F}.Debug|Win32.ActiveCfg = Debug|Win32
		{0BD85E08-7A8F-4BBD-8D49-04F81FA1F39F}.Debug|Win32.Build.0 = Debug|Win32
		{0BD85E08-7A8F-4BBD-8D49-04F81FA1F39F}.Release|Win32.ActiveCfg = Release|Win32
		{0BD85E08-7A8F-4BBD-8D49-04F81FA1F39F}.Release|Win32.Build.0 = Release|Win32
	EndGlobalSection
	GlobalSection(SolutionProperties) = preSolution
		HideSolutionNode = FALSE
	EndGlobalSection
EndGlobal
